PODS:
  - LEGONavigationController-Swift (1.0.2):
    - SnapKit
  - SnapKit (4.2.0)

DEPENDENCIES:
  - LEGONavigationController-Swift (from `../`)

SPEC REPOS:
  trunk:
    - SnapKit

EXTERNAL SOURCES:
  LEGONavigationController-Swift:
    :path: "../"

SPEC CHECKSUMS:
  LEGONavigationController-Swift: d11b9b6af0b29bc70a43ba9edcb65d9205dea87d
  SnapKit: fe8a619752f3f27075cc9a90244d75c6c3f27e2a

PODFILE CHECKSUM: 3d040e9fff781c175af623a532e793069828865e

COCOAPODS: 1.9.1
