// !$*UTF8*$!
{
	archiveVersion = 1;
	classes = {
	};
	objectVersion = 51;
	objects = {

/* Begin PBXBuildFile section */
		93622259AF8421E28DF1D65C /* libPods-LEGONavigationController-Swift.a in Frameworks */ = {isa = PBXBuildFile; fileRef = FDB3187090399FBB0EC368F8 /* libPods-LEGONavigationController-Swift.a */; };
		E8B06B8B24D0392900DECBAE /* AppDelegate.swift in Sources */ = {isa = PBXBuildFile; fileRef = E8B06B8A24D0392900DECBAE /* AppDelegate.swift */; };
		E8B06B8F24D0392900DECBAE /* ViewController.swift in Sources */ = {isa = PBXBuildFile; fileRef = E8B06B8E24D0392900DECBAE /* ViewController.swift */; };
		E8B06B9224D0392900DECBAE /* Main.storyboard in Resources */ = {isa = PBXBuildFile; fileRef = E8B06B9024D0392900DECBAE /* Main.storyboard */; };
		E8B06B9424D0392B00DECBAE /* Assets.xcassets in Resources */ = {isa = PBXBuildFile; fileRef = E8B06B9324D0392B00DECBAE /* Assets.xcassets */; };
		E8B06B9724D0392B00DECBAE /* LaunchScreen.storyboard in Resources */ = {isa = PBXBuildFile; fileRef = E8B06B9524D0392B00DECBAE /* LaunchScreen.storyboard */; };
		E8B06BA224D0392B00DECBAE /* LEGONavigationController_SwiftTests.swift in Sources */ = {isa = PBXBuildFile; fileRef = E8B06BA124D0392B00DECBAE /* LEGONavigationController_SwiftTests.swift */; };
		E8B06BAD24D0392B00DECBAE /* LEGONavigationController_SwiftUITests.swift in Sources */ = {isa = PBXBuildFile; fileRef = E8B06BAC24D0392B00DECBAE /* LEGONavigationController_SwiftUITests.swift */; };
/* End PBXBuildFile section */

/* Begin PBXContainerItemProxy section */
		E8B06B9E24D0392B00DECBAE /* PBXContainerItemProxy */ = {
			isa = PBXContainerItemProxy;
			containerPortal = E8B06B7F24D0392900DECBAE /* Project object */;
			proxyType = 1;
			remoteGlobalIDString = E8B06B8624D0392900DECBAE;
			remoteInfo = "LEGONavigationController-Swift";
		};
		E8B06BA924D0392B00DECBAE /* PBXContainerItemProxy */ = {
			isa = PBXContainerItemProxy;
			containerPortal = E8B06B7F24D0392900DECBAE /* Project object */;
			proxyType = 1;
			remoteGlobalIDString = E8B06B8624D0392900DECBAE;
			remoteInfo = "LEGONavigationController-Swift";
		};
/* End PBXContainerItemProxy section */

/* Begin PBXFileReference section */
		36F53CB8888336D2623F4D14 /* Pods-LEGONavigationController-Swift.release.xcconfig */ = {isa = PBXFileReference; includeInIndex = 1; lastKnownFileType = text.xcconfig; name = "Pods-LEGONavigationController-Swift.release.xcconfig"; path = "Target Support Files/Pods-LEGONavigationController-Swift/Pods-LEGONavigationController-Swift.release.xcconfig"; sourceTree = "<group>"; };
		A64697D2D7953B93E434D5EC /* Pods-LEGONavigationController-Swift.debug.xcconfig */ = {isa = PBXFileReference; includeInIndex = 1; lastKnownFileType = text.xcconfig; name = "Pods-LEGONavigationController-Swift.debug.xcconfig"; path = "Target Support Files/Pods-LEGONavigationController-Swift/Pods-LEGONavigationController-Swift.debug.xcconfig"; sourceTree = "<group>"; };
		E8B06B8724D0392900DECBAE /* LEGONavigationController-Swift.app */ = {isa = PBXFileReference; explicitFileType = wrapper.application; includeInIndex = 0; path = "LEGONavigationController-Swift.app"; sourceTree = BUILT_PRODUCTS_DIR; };
		E8B06B8A24D0392900DECBAE /* AppDelegate.swift */ = {isa = PBXFileReference; lastKnownFileType = sourcecode.swift; path = AppDelegate.swift; sourceTree = "<group>"; };
		E8B06B8E24D0392900DECBAE /* ViewController.swift */ = {isa = PBXFileReference; lastKnownFileType = sourcecode.swift; path = ViewController.swift; sourceTree = "<group>"; };
		E8B06B9124D0392900DECBAE /* Base */ = {isa = PBXFileReference; lastKnownFileType = file.storyboard; name = Base; path = Base.lproj/Main.storyboard; sourceTree = "<group>"; };
		E8B06B9324D0392B00DECBAE /* Assets.xcassets */ = {isa = PBXFileReference; lastKnownFileType = folder.assetcatalog; path = Assets.xcassets; sourceTree = "<group>"; };
		E8B06B9624D0392B00DECBAE /* Base */ = {isa = PBXFileReference; lastKnownFileType = file.storyboard; name = Base; path = Base.lproj/LaunchScreen.storyboard; sourceTree = "<group>"; };
		E8B06B9824D0392B00DECBAE /* Info.plist */ = {isa = PBXFileReference; lastKnownFileType = text.plist.xml; path = Info.plist; sourceTree = "<group>"; };
		E8B06B9D24D0392B00DECBAE /* LEGONavigationController-SwiftTests.xctest */ = {isa = PBXFileReference; explicitFileType = wrapper.cfbundle; includeInIndex = 0; path = "LEGONavigationController-SwiftTests.xctest"; sourceTree = BUILT_PRODUCTS_DIR; };
		E8B06BA124D0392B00DECBAE /* LEGONavigationController_SwiftTests.swift */ = {isa = PBXFileReference; lastKnownFileType = sourcecode.swift; path = LEGONavigationController_SwiftTests.swift; sourceTree = "<group>"; };
		E8B06BA324D0392B00DECBAE /* Info.plist */ = {isa = PBXFileReference; lastKnownFileType = text.plist.xml; path = Info.plist; sourceTree = "<group>"; };
		E8B06BA824D0392B00DECBAE /* LEGONavigationController-SwiftUITests.xctest */ = {isa = PBXFileReference; explicitFileType = wrapper.cfbundle; includeInIndex = 0; path = "LEGONavigationController-SwiftUITests.xctest"; sourceTree = BUILT_PRODUCTS_DIR; };
		E8B06BAC24D0392B00DECBAE /* LEGONavigationController_SwiftUITests.swift */ = {isa = PBXFileReference; lastKnownFileType = sourcecode.swift; path = LEGONavigationController_SwiftUITests.swift; sourceTree = "<group>"; };
		E8B06BAE24D0392B00DECBAE /* Info.plist */ = {isa = PBXFileReference; lastKnownFileType = text.plist.xml; path = Info.plist; sourceTree = "<group>"; };
		FDB3187090399FBB0EC368F8 /* libPods-LEGONavigationController-Swift.a */ = {isa = PBXFileReference; explicitFileType = archive.ar; includeInIndex = 0; path = "libPods-LEGONavigationController-Swift.a"; sourceTree = BUILT_PRODUCTS_DIR; };
/* End PBXFileReference section */

/* Begin PBXFrameworksBuildPhase section */
		E8B06B8424D0392900DECBAE /* Frameworks */ = {
			isa = PBXFrameworksBuildPhase;
			buildActionMask = 2147483647;
			files = (
				93622259AF8421E28DF1D65C /* libPods-LEGONavigationController-Swift.a in Frameworks */,
			);
			runOnlyForDeploymentPostprocessing = 0;
		};
		E8B06B9A24D0392B00DECBAE /* Frameworks */ = {
			isa = PBXFrameworksBuildPhase;
			buildActionMask = 2147483647;
			files = (
			);
			runOnlyForDeploymentPostprocessing = 0;
		};
		E8B06BA524D0392B00DECBAE /* Frameworks */ = {
			isa = PBXFrameworksBuildPhase;
			buildActionMask = 2147483647;
			files = (
			);
			runOnlyForDeploymentPostprocessing = 0;
		};
/* End PBXFrameworksBuildPhase section */

/* Begin PBXGroup section */
		1FFACCC68DD93FC1ECDDA0F8 /* Frameworks */ = {
			isa = PBXGroup;
			children = (
				FDB3187090399FBB0EC368F8 /* libPods-LEGONavigationController-Swift.a */,
			);
			name = Frameworks;
			sourceTree = "<group>";
		};
		E8B06B7E24D0392900DECBAE = {
			isa = PBXGroup;
			children = (
				E8B06B8924D0392900DECBAE /* LEGONavigationController-Swift */,
				E8B06BA024D0392B00DECBAE /* LEGONavigationController-SwiftTests */,
				E8B06BAB24D0392B00DECBAE /* LEGONavigationController-SwiftUITests */,
				E8B06B8824D0392900DECBAE /* Products */,
				FB800AFD06CE05720B23DD5A /* Pods */,
				1FFACCC68DD93FC1ECDDA0F8 /* Frameworks */,
			);
			sourceTree = "<group>";
		};
		E8B06B8824D0392900DECBAE /* Products */ = {
			isa = PBXGroup;
			children = (
				E8B06B8724D0392900DECBAE /* LEGONavigationController-Swift.app */,
				E8B06B9D24D0392B00DECBAE /* LEGONavigationController-SwiftTests.xctest */,
				E8B06BA824D0392B00DECBAE /* LEGONavigationController-SwiftUITests.xctest */,
			);
			name = Products;
			sourceTree = "<group>";
		};
		E8B06B8924D0392900DECBAE /* LEGONavigationController-Swift */ = {
			isa = PBXGroup;
			children = (
				E8B06B8A24D0392900DECBAE /* AppDelegate.swift */,
				E8B06B8E24D0392900DECBAE /* ViewController.swift */,
				E8B06B9024D0392900DECBAE /* Main.storyboard */,
				E8B06B9324D0392B00DECBAE /* Assets.xcassets */,
				E8B06B9524D0392B00DECBAE /* LaunchScreen.storyboard */,
				E8B06B9824D0392B00DECBAE /* Info.plist */,
			);
			path = "LEGONavigationController-Swift";
			sourceTree = "<group>";
		};
		E8B06BA024D0392B00DECBAE /* LEGONavigationController-SwiftTests */ = {
			isa = PBXGroup;
			children = (
				E8B06BA124D0392B00DECBAE /* LEGONavigationController_SwiftTests.swift */,
				E8B06BA324D0392B00DECBAE /* Info.plist */,
			);
			path = "LEGONavigationController-SwiftTests";
			sourceTree = "<group>";
		};
		E8B06BAB24D0392B00DECBAE /* LEGONavigationController-SwiftUITests */ = {
			isa = PBXGroup;
			children = (
				E8B06BAC24D0392B00DECBAE /* LEGONavigationController_SwiftUITests.swift */,
				E8B06BAE24D0392B00DECBAE /* Info.plist */,
			);
			path = "LEGONavigationController-SwiftUITests";
			sourceTree = "<group>";
		};
		FB800AFD06CE05720B23DD5A /* Pods */ = {
			isa = PBXGroup;
			children = (
				A64697D2D7953B93E434D5EC /* Pods-LEGONavigationController-Swift.debug.xcconfig */,
				36F53CB8888336D2623F4D14 /* Pods-LEGONavigationController-Swift.release.xcconfig */,
			);
			path = Pods;
			sourceTree = "<group>";
		};
/* End PBXGroup section */

/* Begin PBXNativeTarget section */
		E8B06B8624D0392900DECBAE /* LEGONavigationController-Swift */ = {
			isa = PBXNativeTarget;
			buildConfigurationList = E8B06BB124D0392B00DECBAE /* Build configuration list for PBXNativeTarget "LEGONavigationController-Swift" */;
			buildPhases = (
				5A5AC18FA9C0177A9EE41E5E /* [CP] Check Pods Manifest.lock */,
				E8B06B8324D0392900DECBAE /* Sources */,
				E8B06B8424D0392900DECBAE /* Frameworks */,
				E8B06B8524D0392900DECBAE /* Resources */,
				305302A1C0BE535E77FEE028 /* [CP] Copy Pods Resources */,
			);
			buildRules = (
			);
			dependencies = (
			);
			name = "LEGONavigationController-Swift";
			productName = "LEGONavigationController-Swift";
			productReference = E8B06B8724D0392900DECBAE /* LEGONavigationController-Swift.app */;
			productType = "com.apple.product-type.application";
		};
		E8B06B9C24D0392B00DECBAE /* LEGONavigationController-SwiftTests */ = {
			isa = PBXNativeTarget;
			buildConfigurationList = E8B06BB424D0392B00DECBAE /* Build configuration list for PBXNativeTarget "LEGONavigationController-SwiftTests" */;
			buildPhases = (
				E8B06B9924D0392B00DECBAE /* Sources */,
				E8B06B9A24D0392B00DECBAE /* Frameworks */,
				E8B06B9B24D0392B00DECBAE /* Resources */,
			);
			buildRules = (
			);
			dependencies = (
				E8B06B9F24D0392B00DECBAE /* PBXTargetDependency */,
			);
			name = "LEGONavigationController-SwiftTests";
			productName = "LEGONavigationController-SwiftTests";
			productReference = E8B06B9D24D0392B00DECBAE /* LEGONavigationController-SwiftTests.xctest */;
			productType = "com.apple.product-type.bundle.unit-test";
		};
		E8B06BA724D0392B00DECBAE /* LEGONavigationController-SwiftUITests */ = {
			isa = PBXNativeTarget;
			buildConfigurationList = E8B06BB724D0392B00DECBAE /* Build configuration list for PBXNativeTarget "LEGONavigationController-SwiftUITests" */;
			buildPhases = (
				E8B06BA424D0392B00DECBAE /* Sources */,
				E8B06BA524D0392B00DECBAE /* Frameworks */,
				E8B06BA624D0392B00DECBAE /* Resources */,
			);
			buildRules = (
			);
			dependencies = (
				E8B06BAA24D0392B00DECBAE /* PBXTargetDependency */,
			);
			name = "LEGONavigationController-SwiftUITests";
			productName = "LEGONavigationController-SwiftUITests";
			productReference = E8B06BA824D0392B00DECBAE /* LEGONavigationController-SwiftUITests.xctest */;
			productType = "com.apple.product-type.bundle.ui-testing";
		};
/* End PBXNativeTarget section */

/* Begin PBXProject section */
		E8B06B7F24D0392900DECBAE /* Project object */ = {
			isa = PBXProject;
			attributes = {
				LastSwiftUpdateCheck = 1160;
				LastUpgradeCheck = 1160;
				ORGANIZATIONNAME = "杨庆人";
				TargetAttributes = {
					E8B06B8624D0392900DECBAE = {
						CreatedOnToolsVersion = 11.6;
					};
					E8B06B9C24D0392B00DECBAE = {
						CreatedOnToolsVersion = 11.6;
						TestTargetID = E8B06B8624D0392900DECBAE;
					};
					E8B06BA724D0392B00DECBAE = {
						CreatedOnToolsVersion = 11.6;
						TestTargetID = E8B06B8624D0392900DECBAE;
					};
				};
			};
			buildConfigurationList = E8B06B8224D0392900DECBAE /* Build configuration list for PBXProject "LEGONavigationController-Swift" */;
			compatibilityVersion = "Xcode 9.3";
			developmentRegion = en;
			hasScannedForEncodings = 0;
			knownRegions = (
				en,
				Base,
			);
			mainGroup = E8B06B7E24D0392900DECBAE;
			productRefGroup = E8B06B8824D0392900DECBAE /* Products */;
			projectDirPath = "";
			projectRoot = "";
			targets = (
				E8B06B8624D0392900DECBAE /* LEGONavigationController-Swift */,
				E8B06B9C24D0392B00DECBAE /* LEGONavigationController-SwiftTests */,
				E8B06BA724D0392B00DECBAE /* LEGONavigationController-SwiftUITests */,
			);
		};
/* End PBXProject section */

/* Begin PBXResourcesBuildPhase section */
		E8B06B8524D0392900DECBAE /* Resources */ = {
			isa = PBXResourcesBuildPhase;
			buildActionMask = 2147483647;
			files = (
				E8B06B9724D0392B00DECBAE /* LaunchScreen.storyboard in Resources */,
				E8B06B9424D0392B00DECBAE /* Assets.xcassets in Resources */,
				E8B06B9224D0392900DECBAE /* Main.storyboard in Resources */,
			);
			runOnlyForDeploymentPostprocessing = 0;
		};
		E8B06B9B24D0392B00DECBAE /* Resources */ = {
			isa = PBXResourcesBuildPhase;
			buildActionMask = 2147483647;
			files = (
			);
			runOnlyForDeploymentPostprocessing = 0;
		};
		E8B06BA624D0392B00DECBAE /* Resources */ = {
			isa = PBXResourcesBuildPhase;
			buildActionMask = 2147483647;
			files = (
			);
			runOnlyForDeploymentPostprocessing = 0;
		};
/* End PBXResourcesBuildPhase section */

/* Begin PBXShellScriptBuildPhase section */
		305302A1C0BE535E77FEE028 /* [CP] Copy Pods Resources */ = {
			isa = PBXShellScriptBuildPhase;
			buildActionMask = 2147483647;
			files = (
			);
			inputFileListPaths = (
				"${PODS_ROOT}/Target Support Files/Pods-LEGONavigationController-Swift/Pods-LEGONavigationController-Swift-resources-${CONFIGURATION}-input-files.xcfilelist",
			);
			name = "[CP] Copy Pods Resources";
			outputFileListPaths = (
				"${PODS_ROOT}/Target Support Files/Pods-LEGONavigationController-Swift/Pods-LEGONavigationController-Swift-resources-${CONFIGURATION}-output-files.xcfilelist",
			);
			runOnlyForDeploymentPostprocessing = 0;
			shellPath = /bin/sh;
			shellScript = "\"${PODS_ROOT}/Target Support Files/Pods-LEGONavigationController-Swift/Pods-LEGONavigationController-Swift-resources.sh\"\n";
			showEnvVarsInLog = 0;
		};
		5A5AC18FA9C0177A9EE41E5E /* [CP] Check Pods Manifest.lock */ = {
			isa = PBXShellScriptBuildPhase;
			buildActionMask = 2147483647;
			files = (
			);
			inputFileListPaths = (
			);
			inputPaths = (
				"${PODS_PODFILE_DIR_PATH}/Podfile.lock",
				"${PODS_ROOT}/Manifest.lock",
			);
			name = "[CP] Check Pods Manifest.lock";
			outputFileListPaths = (
			);
			outputPaths = (
				"$(DERIVED_FILE_DIR)/Pods-LEGONavigationController-Swift-checkManifestLockResult.txt",
			);
			runOnlyForDeploymentPostprocessing = 0;
			shellPath = /bin/sh;
			shellScript = "diff \"${PODS_PODFILE_DIR_PATH}/Podfile.lock\" \"${PODS_ROOT}/Manifest.lock\" > /dev/null\nif [ $? != 0 ] ; then\n    # print error to STDERR\n    echo \"error: The sandbox is not in sync with the Podfile.lock. Run 'pod install' or update your CocoaPods installation.\" >&2\n    exit 1\nfi\n# This output is used by Xcode 'outputs' to avoid re-running this script phase.\necho \"SUCCESS\" > \"${SCRIPT_OUTPUT_FILE_0}\"\n";
			showEnvVarsInLog = 0;
		};
/* End PBXShellScriptBuildPhase section */

/* Begin PBXSourcesBuildPhase section */
		E8B06B8324D0392900DECBAE /* Sources */ = {
			isa = PBXSourcesBuildPhase;
			buildActionMask = 2147483647;
			files = (
				E8B06B8F24D0392900DECBAE /* ViewController.swift in Sources */,
				E8B06B8B24D0392900DECBAE /* AppDelegate.swift in Sources */,
			);
			runOnlyForDeploymentPostprocessing = 0;
		};
		E8B06B9924D0392B00DECBAE /* Sources */ = {
			isa = PBXSourcesBuildPhase;
			buildActionMask = 2147483647;
			files = (
				E8B06BA224D0392B00DECBAE /* LEGONavigationController_SwiftTests.swift in Sources */,
			);
			runOnlyForDeploymentPostprocessing = 0;
		};
		E8B06BA424D0392B00DECBAE /* Sources */ = {
			isa = PBXSourcesBuildPhase;
			buildActionMask = 2147483647;
			files = (
				E8B06BAD24D0392B00DECBAE /* LEGONavigationController_SwiftUITests.swift in Sources */,
			);
			runOnlyForDeploymentPostprocessing = 0;
		};
/* End PBXSourcesBuildPhase section */

/* Begin PBXTargetDependency section */
		E8B06B9F24D0392B00DECBAE /* PBXTargetDependency */ = {
			isa = PBXTargetDependency;
			target = E8B06B8624D0392900DECBAE /* LEGONavigationController-Swift */;
			targetProxy = E8B06B9E24D0392B00DECBAE /* PBXContainerItemProxy */;
		};
		E8B06BAA24D0392B00DECBAE /* PBXTargetDependency */ = {
			isa = PBXTargetDependency;
			target = E8B06B8624D0392900DECBAE /* LEGONavigationController-Swift */;
			targetProxy = E8B06BA924D0392B00DECBAE /* PBXContainerItemProxy */;
		};
/* End PBXTargetDependency section */

/* Begin PBXVariantGroup section */
		E8B06B9024D0392900DECBAE /* Main.storyboard */ = {
			isa = PBXVariantGroup;
			children = (
				E8B06B9124D0392900DECBAE /* Base */,
			);
			name = Main.storyboard;
			sourceTree = "<group>";
		};
		E8B06B9524D0392B00DECBAE /* LaunchScreen.storyboard */ = {
			isa = PBXVariantGroup;
			children = (
				E8B06B9624D0392B00DECBAE /* Base */,
			);
			name = LaunchScreen.storyboard;
			sourceTree = "<group>";
		};
/* End PBXVariantGroup section */

/* Begin XCBuildConfiguration section */
		E8B06BAF24D0392B00DECBAE /* Debug */ = {
			isa = XCBuildConfiguration;
			buildSettings = {
				ALWAYS_SEARCH_USER_PATHS = NO;
				CLANG_ANALYZER_NONNULL = YES;
				CLANG_ANALYZER_NUMBER_OBJECT_CONVERSION = YES_AGGRESSIVE;
				CLANG_CXX_LANGUAGE_STANDARD = "gnu++14";
				CLANG_CXX_LIBRARY = "libc++";
				CLANG_ENABLE_MODULES = YES;
				CLANG_ENABLE_OBJC_ARC = YES;
				CLANG_ENABLE_OBJC_WEAK = YES;
				CLANG_WARN_BLOCK_CAPTURE_AUTORELEASING = YES;
				CLANG_WARN_BOOL_CONVERSION = YES;
				CLANG_WARN_COMMA = YES;
				CLANG_WARN_CONSTANT_CONVERSION = YES;
				CLANG_WARN_DEPRECATED_OBJC_IMPLEMENTATIONS = YES;
				CLANG_WARN_DIRECT_OBJC_ISA_USAGE = YES_ERROR;
				CLANG_WARN_DOCUMENTATION_COMMENTS = YES;
				CLANG_WARN_EMPTY_BODY = YES;
				CLANG_WARN_ENUM_CONVERSION = YES;
				CLANG_WARN_INFINITE_RECURSION = YES;
				CLANG_WARN_INT_CONVERSION = YES;
				CLANG_WARN_NON_LITERAL_NULL_CONVERSION = YES;
				CLANG_WARN_OBJC_IMPLICIT_RETAIN_SELF = YES;
				CLANG_WARN_OBJC_LITERAL_CONVERSION = YES;
				CLANG_WARN_OBJC_ROOT_CLASS = YES_ERROR;
				CLANG_WARN_RANGE_LOOP_ANALYSIS = YES;
				CLANG_WARN_STRICT_PROTOTYPES = YES;
				CLANG_WARN_SUSPICIOUS_MOVE = YES;
				CLANG_WARN_UNGUARDED_AVAILABILITY = YES_AGGRESSIVE;
				CLANG_WARN_UNREACHABLE_CODE = YES;
				CLANG_WARN__DUPLICATE_METHOD_MATCH = YES;
				COPY_PHASE_STRIP = NO;
				DEBUG_INFORMATION_FORMAT = dwarf;
				ENABLE_STRICT_OBJC_MSGSEND = YES;
				ENABLE_TESTABILITY = YES;
				GCC_C_LANGUAGE_STANDARD = gnu11;
				GCC_DYNAMIC_NO_PIC = NO;
				GCC_NO_COMMON_BLOCKS = YES;
				GCC_OPTIMIZATION_LEVEL = 0;
				GCC_PREPROCESSOR_DEFINITIONS = (
					"DEBUG=1",
					"$(inherited)",
				);
				GCC_WARN_64_TO_32_BIT_CONVERSION = YES;
				GCC_WARN_ABOUT_RETURN_TYPE = YES_ERROR;
				GCC_WARN_UNDECLARED_SELECTOR = YES;
				GCC_WARN_UNINITIALIZED_AUTOS = YES_AGGRESSIVE;
				GCC_WARN_UNUSED_FUNCTION = YES;
				GCC_WARN_UNUSED_VARIABLE = YES;
				IPHONEOS_DEPLOYMENT_TARGET = 13.6;
				MTL_ENABLE_DEBUG_INFO = INCLUDE_SOURCE;
				MTL_FAST_MATH = YES;
				ONLY_ACTIVE_ARCH = YES;
				SDKROOT = iphoneos;
				SWIFT_ACTIVE_COMPILATION_CONDITIONS = DEBUG;
				SWIFT_OPTIMIZATION_LEVEL = "-Onone";
			};
			name = Debug;
		};
		E8B06BB024D0392B00DECBAE /* Release */ = {
			isa = XCBuildConfiguration;
			buildSettings = {
				ALWAYS_SEARCH_USER_PATHS = NO;
				CLANG_ANALYZER_NONNULL = YES;
				CLANG_ANALYZER_NUMBER_OBJECT_CONVERSION = YES_AGGRESSIVE;
				CLANG_CXX_LANGUAGE_STANDARD = "gnu++14";
				CLANG_CXX_LIBRARY = "libc++";
				CLANG_ENABLE_MODULES = YES;
				CLANG_ENABLE_OBJC_ARC = YES;
				CLANG_ENABLE_OBJC_WEAK = YES;
				CLANG_WARN_BLOCK_CAPTURE_AUTORELEASING = YES;
				CLANG_WARN_BOOL_CONVERSION = YES;
				CLANG_WARN_COMMA = YES;
				CLANG_WARN_CONSTANT_CONVERSION = YES;
				CLANG_WARN_DEPRECATED_OBJC_IMPLEMENTATIONS = YES;
				CLANG_WARN_DIRECT_OBJC_ISA_USAGE = YES_ERROR;
				CLANG_WARN_DOCUMENTATION_COMMENTS = YES;
				CLANG_WARN_EMPTY_BODY = YES;
				CLANG_WARN_ENUM_CONVERSION = YES;
				CLANG_WARN_INFINITE_RECURSION = YES;
				CLANG_WARN_INT_CONVERSION = YES;
				CLANG_WARN_NON_LITERAL_NULL_CONVERSION = YES;
				CLANG_WARN_OBJC_IMPLICIT_RETAIN_SELF = YES;
				CLANG_WARN_OBJC_LITERAL_CONVERSION = YES;
				CLANG_WARN_OBJC_ROOT_CLASS = YES_ERROR;
				CLANG_WARN_RANGE_LOOP_ANALYSIS = YES;
				CLANG_WARN_STRICT_PROTOTYPES = YES;
				CLANG_WARN_SUSPICIOUS_MOVE = YES;
				CLANG_WARN_UNGUARDED_AVAILABILITY = YES_AGGRESSIVE;
				CLANG_WARN_UNREACHABLE_CODE = YES;
				CLANG_WARN__DUPLICATE_METHOD_MATCH = YES;
				COPY_PHASE_STRIP = NO;
				DEBUG_INFORMATION_FORMAT = "dwarf-with-dsym";
				ENABLE_NS_ASSERTIONS = NO;
				ENABLE_STRICT_OBJC_MSGSEND = YES;
				GCC_C_LANGUAGE_STANDARD = gnu11;
				GCC_NO_COMMON_BLOCKS = YES;
				GCC_WARN_64_TO_32_BIT_CONVERSION = YES;
				GCC_WARN_ABOUT_RETURN_TYPE = YES_ERROR;
				GCC_WARN_UNDECLARED_SELECTOR = YES;
				GCC_WARN_UNINITIALIZED_AUTOS = YES_AGGRESSIVE;
				GCC_WARN_UNUSED_FUNCTION = YES;
				GCC_WARN_UNUSED_VARIABLE = YES;
				IPHONEOS_DEPLOYMENT_TARGET = 13.6;
				MTL_ENABLE_DEBUG_INFO = NO;
				MTL_FAST_MATH = YES;
				SDKROOT = iphoneos;
				SWIFT_COMPILATION_MODE = wholemodule;
				SWIFT_OPTIMIZATION_LEVEL = "-O";
				VALIDATE_PRODUCT = YES;
			};
			name = Release;
		};
		E8B06BB224D0392B00DECBAE /* Debug */ = {
			isa = XCBuildConfiguration;
			baseConfigurationReference = A64697D2D7953B93E434D5EC /* Pods-LEGONavigationController-Swift.debug.xcconfig */;
			buildSettings = {
				ASSETCATALOG_COMPILER_APPICON_NAME = AppIcon;
				CODE_SIGN_STYLE = Automatic;
				DEVELOPMENT_TEAM = K7Y7L52Z4E;
				INFOPLIST_FILE = "LEGONavigationController-Swift/Info.plist";
				IPHONEOS_DEPLOYMENT_TARGET = 10.0;
				LD_RUNPATH_SEARCH_PATHS = (
					"$(inherited)",
					"@executable_path/Frameworks",
				);
				PRODUCT_BUNDLE_IDENTIFIER = "yangqingren001.LEGONavigationController-Swift";
				PRODUCT_NAME = "$(TARGET_NAME)";
				SWIFT_VERSION = 5.0;
				TARGETED_DEVICE_FAMILY = "1,2";
			};
			name = Debug;
		};
		E8B06BB324D0392B00DECBAE /* Release */ = {
			isa = XCBuildConfiguration;
			baseConfigurationReference = 36F53CB8888336D2623F4D14 /* Pods-LEGONavigationController-Swift.release.xcconfig */;
			buildSettings = {
				ASSETCATALOG_COMPILER_APPICON_NAME = AppIcon;
				CODE_SIGN_STYLE = Automatic;
				DEVELOPMENT_TEAM = K7Y7L52Z4E;
				INFOPLIST_FILE = "LEGONavigationController-Swift/Info.plist";
				IPHONEOS_DEPLOYMENT_TARGET = 10.0;
				LD_RUNPATH_SEARCH_PATHS = (
					"$(inherited)",
					"@executable_path/Frameworks",
				);
				PRODUCT_BUNDLE_IDENTIFIER = "yangqingren001.LEGONavigationController-Swift";
				PRODUCT_NAME = "$(TARGET_NAME)";
				SWIFT_VERSION = 5.0;
				TARGETED_DEVICE_FAMILY = "1,2";
			};
			name = Release;
		};
		E8B06BB524D0392B00DECBAE /* Debug */ = {
			isa = XCBuildConfiguration;
			buildSettings = {
				ALWAYS_EMBED_SWIFT_STANDARD_LIBRARIES = YES;
				BUNDLE_LOADER = "$(TEST_HOST)";
				CODE_SIGN_STYLE = Automatic;
				DEVELOPMENT_TEAM = K7Y7L52Z4E;
				INFOPLIST_FILE = "LEGONavigationController-SwiftTests/Info.plist";
				IPHONEOS_DEPLOYMENT_TARGET = 13.6;
				LD_RUNPATH_SEARCH_PATHS = (
					"$(inherited)",
					"@executable_path/Frameworks",
					"@loader_path/Frameworks",
				);
				PRODUCT_BUNDLE_IDENTIFIER = "yangqingren001.LEGONavigationController-SwiftTests";
				PRODUCT_NAME = "$(TARGET_NAME)";
				SWIFT_VERSION = 5.0;
				TARGETED_DEVICE_FAMILY = "1,2";
				TEST_HOST = "$(BUILT_PRODUCTS_DIR)/LEGONavigationController-Swift.app/LEGONavigationController-Swift";
			};
			name = Debug;
		};
		E8B06BB624D0392B00DECBAE /* Release */ = {
			isa = XCBuildConfiguration;
			buildSettings = {
				ALWAYS_EMBED_SWIFT_STANDARD_LIBRARIES = YES;
				BUNDLE_LOADER = "$(TEST_HOST)";
				CODE_SIGN_STYLE = Automatic;
				DEVELOPMENT_TEAM = K7Y7L52Z4E;
				INFOPLIST_FILE = "LEGONavigationController-SwiftTests/Info.plist";
				IPHONEOS_DEPLOYMENT_TARGET = 13.6;
				LD_RUNPATH_SEARCH_PATHS = (
					"$(inherited)",
					"@executable_path/Frameworks",
					"@loader_path/Frameworks",
				);
				PRODUCT_BUNDLE_IDENTIFIER = "yangqingren001.LEGONavigationController-SwiftTests";
				PRODUCT_NAME = "$(TARGET_NAME)";
				SWIFT_VERSION = 5.0;
				TARGETED_DEVICE_FAMILY = "1,2";
				TEST_HOST = "$(BUILT_PRODUCTS_DIR)/LEGONavigationController-Swift.app/LEGONavigationController-Swift";
			};
			name = Release;
		};
		E8B06BB824D0392B00DECBAE /* Debug */ = {
			isa = XCBuildConfiguration;
			buildSettings = {
				ALWAYS_EMBED_SWIFT_STANDARD_LIBRARIES = YES;
				CODE_SIGN_STYLE = Automatic;
				DEVELOPMENT_TEAM = K7Y7L52Z4E;
				INFOPLIST_FILE = "LEGONavigationController-SwiftUITests/Info.plist";
				LD_RUNPATH_SEARCH_PATHS = (
					"$(inherited)",
					"@executable_path/Frameworks",
					"@loader_path/Frameworks",
				);
				PRODUCT_BUNDLE_IDENTIFIER = "yangqingren001.LEGONavigationController-SwiftUITests";
				PRODUCT_NAME = "$(TARGET_NAME)";
				SWIFT_VERSION = 5.0;
				TARGETED_DEVICE_FAMILY = "1,2";
				TEST_TARGET_NAME = "LEGONavigationController-Swift";
			};
			name = Debug;
		};
		E8B06BB924D0392B00DECBAE /* Release */ = {
			isa = XCBuildConfiguration;
			buildSettings = {
				ALWAYS_EMBED_SWIFT_STANDARD_LIBRARIES = YES;
				CODE_SIGN_STYLE = Automatic;
				DEVELOPMENT_TEAM = K7Y7L52Z4E;
				INFOPLIST_FILE = "LEGONavigationController-SwiftUITests/Info.plist";
				LD_RUNPATH_SEARCH_PATHS = (
					"$(inherited)",
					"@executable_path/Frameworks",
					"@loader_path/Frameworks",
				);
				PRODUCT_BUNDLE_IDENTIFIER = "yangqingren001.LEGONavigationController-SwiftUITests";
				PRODUCT_NAME = "$(TARGET_NAME)";
				SWIFT_VERSION = 5.0;
				TARGETED_DEVICE_FAMILY = "1,2";
				TEST_TARGET_NAME = "LEGONavigationController-Swift";
			};
			name = Release;
		};
/* End XCBuildConfiguration section */

/* Begin XCConfigurationList section */
		E8B06B8224D0392900DECBAE /* Build configuration list for PBXProject "LEGONavigationController-Swift" */ = {
			isa = XCConfigurationList;
			buildConfigurations = (
				E8B06BAF24D0392B00DECBAE /* Debug */,
				E8B06BB024D0392B00DECBAE /* Release */,
			);
			defaultConfigurationIsVisible = 0;
			defaultConfigurationName = Release;
		};
		E8B06BB124D0392B00DECBAE /* Build configuration list for PBXNativeTarget "LEGONavigationController-Swift" */ = {
			isa = XCConfigurationList;
			buildConfigurations = (
				E8B06BB224D0392B00DECBAE /* Debug */,
				E8B06BB324D0392B00DECBAE /* Release */,
			);
			defaultConfigurationIsVisible = 0;
			defaultConfigurationName = Release;
		};
		E8B06BB424D0392B00DECBAE /* Build configuration list for PBXNativeTarget "LEGONavigationController-SwiftTests" */ = {
			isa = XCConfigurationList;
			buildConfigurations = (
				E8B06BB524D0392B00DECBAE /* Debug */,
				E8B06BB624D0392B00DECBAE /* Release */,
			);
			defaultConfigurationIsVisible = 0;
			defaultConfigurationName = Release;
		};
		E8B06BB724D0392B00DECBAE /* Build configuration list for PBXNativeTarget "LEGONavigationController-SwiftUITests" */ = {
			isa = XCConfigurationList;
			buildConfigurations = (
				E8B06BB824D0392B00DECBAE /* Debug */,
				E8B06BB924D0392B00DECBAE /* Release */,
			);
			defaultConfigurationIsVisible = 0;
			defaultConfigurationName = Release;
		};
/* End XCConfigurationList section */
	};
	rootObject = E8B06B7F24D0392900DECBAE /* Project object */;
}
